Microsoft Visual Studio Solution File, Format Version 12.00
# Visual Studio Version 17
VisualStudioVersion = 17.13.35913.81 d17.13
MinimumVisualStudioVersion = 10.0.40219.1
Project("{FAE04EC0-301F-11D3-BF4B-00C04F79EFBC}") = "Avianna", "Avianna\Avianna.csproj", "{C8C2215B-131D-4252-B7E3-58555E2234C7}"
EndProject
Project("{FAE04EC0-301F-11D3-BF4B-00C04F79EFBC}") = "Avianna.Droid", "Avianna.Droid\Avianna.Droid.csproj", "{FAB4CA02-0B3D-4F15-8284-D008D204B188}"
EndProject
Global
	GlobalSection(SolutionConfigurationPlatforms) = preSolution
		Debug|Any CPU = Debug|Any CPU
		Release|Any CPU = Release|Any CPU
	EndGlobalSection
	GlobalSection(ProjectConfigurationPlatforms) = postSolution
		{C8C2215B-131D-4252-B7E3-58555E2234C7}.Debug|Any CPU.ActiveCfg = Debug|Any CPU
		{C8C2215B-131D-4252-B7E3-58555E2234C7}.Debug|Any CPU.Build.0 = Debug|Any CPU
		{C8C2215B-131D-4252-B7E3-58555E2234C7}.Release|Any CPU.ActiveCfg = Release|Any CPU
		{C8C2215B-131D-4252-B7E3-58555E2234C7}.Release|Any CPU.Build.0 = Release|Any CPU
		{FAB4CA02-0B3D-4F15-8284-D008D204B188}.Debug|Any CPU.ActiveCfg = Debug|Any CPU
		{FAB4CA02-0B3D-4F15-8284-D008D204B188}.Debug|Any CPU.Build.0 = Debug|Any CPU
		{FAB4CA02-0B3D-4F15-8284-D008D204B188}.Debug|Any CPU.Deploy.0 = Debug|Any CPU
		{FAB4CA02-0B3D-4F15-8284-D008D204B188}.Release|Any CPU.ActiveCfg = Release|Any CPU
		{FAB4CA02-0B3D-4F15-8284-D008D204B188}.Release|Any CPU.Build.0 = Release|Any CPU
		{FAB4CA02-0B3D-4F15-8284-D008D204B188}.Release|Any CPU.Deploy.0 = Release|Any CPU
	EndGlobalSection
	GlobalSection(SolutionProperties) = preSolution
		HideSolutionNode = FALSE
	EndGlobalSection
	GlobalSection(ExtensibilityGlobals) = postSolution
		SolutionGuid = {5184EACB-D5C0-42A8-B9D5-702C870A3EAC}
	EndGlobalSection
EndGlobal
