
Microsoft Visual Studio Solution File, Format Version 12.00
# Visual Studio Version 17
VisualStudioVersion = 17.13.35913.81
MinimumVisualStudioVersion = 10.0.40219.1
Project("{FAE04EC0-301F-11D3-BF4B-00C04F79EFBC}") = "Avianna", "Avianna\Avianna.csproj", "{C8C2215B-131D-4252-B7E3-58555E2234C7}"
EndProject
Project("{FAE04EC0-301F-11D3-BF4B-00C04F79EFBC}") = "Avianna.Droid", "Avianna.Droid\Avianna.Droid.csproj", "{FAB4CA02-0B3D-4F15-8284-D008D204B188}"
EndProject
Project("{FAE04EC0-301F-11D3-BF4B-00C04F79EFBC}") = "Avianna.Tests", "Avianna.Tests\Avianna.Tests.csproj", "{0719C715-AF54-41AF-B9B1-03A145170CC7}"
EndProject
Global
	GlobalSection(SolutionConfigurationPlatforms) = preSolution
		Debug|Any CPU = Debug|Any CPU
		Debug|x64 = Debug|x64
		Debug|x86 = Debug|x86
		Release|Any CPU = Release|Any CPU
		Release|x64 = Release|x64
		Release|x86 = Release|x86
	EndGlobalSection
	GlobalSection(ProjectConfigurationPlatforms) = postSolution
		{C8C2215B-131D-4252-B7E3-58555E2234C7}.Debug|Any CPU.ActiveCfg = Debug|Any CPU
		{C8C2215B-131D-4252-B7E3-58555E2234C7}.Debug|Any CPU.Build.0 = Debug|Any CPU
		{C8C2215B-131D-4252-B7E3-58555E2234C7}.Debug|x64.ActiveCfg = Debug|Any CPU
		{C8C2215B-131D-4252-B7E3-58555E2234C7}.Debug|x64.Build.0 = Debug|Any CPU
		{C8C2215B-131D-4252-B7E3-58555E2234C7}.Debug|x86.ActiveCfg = Debug|Any CPU
		{C8C2215B-131D-4252-B7E3-58555E2234C7}.Debug|x86.Build.0 = Debug|Any CPU
		{C8C2215B-131D-4252-B7E3-58555E2234C7}.Release|Any CPU.ActiveCfg = Release|Any CPU
		{C8C2215B-131D-4252-B7E3-58555E2234C7}.Release|Any CPU.Build.0 = Release|Any CPU
		{C8C2215B-131D-4252-B7E3-58555E2234C7}.Release|x64.ActiveCfg = Release|Any CPU
		{C8C2215B-131D-4252-B7E3-58555E2234C7}.Release|x64.Build.0 = Release|Any CPU
		{C8C2215B-131D-4252-B7E3-58555E2234C7}.Release|x86.ActiveCfg = Release|Any CPU
		{C8C2215B-131D-4252-B7E3-58555E2234C7}.Release|x86.Build.0 = Release|Any CPU
		{FAB4CA02-0B3D-4F15-8284-D008D204B188}.Debug|Any CPU.ActiveCfg = Debug|Any CPU
		{FAB4CA02-0B3D-4F15-8284-D008D204B188}.Debug|Any CPU.Build.0 = Debug|Any CPU
		{FAB4CA02-0B3D-4F15-8284-D008D204B188}.Debug|Any CPU.Deploy.0 = Debug|Any CPU
		{FAB4CA02-0B3D-4F15-8284-D008D204B188}.Debug|x64.ActiveCfg = Debug|Any CPU
		{FAB4CA02-0B3D-4F15-8284-D008D204B188}.Debug|x64.Build.0 = Debug|Any CPU
		{FAB4CA02-0B3D-4F15-8284-D008D204B188}.Debug|x86.ActiveCfg = Debug|Any CPU
		{FAB4CA02-0B3D-4F15-8284-D008D204B188}.Debug|x86.Build.0 = Debug|Any CPU
		{FAB4CA02-0B3D-4F15-8284-D008D204B188}.Release|Any CPU.ActiveCfg = Release|Any CPU
		{FAB4CA02-0B3D-4F15-8284-D008D204B188}.Release|Any CPU.Build.0 = Release|Any CPU
		{FAB4CA02-0B3D-4F15-8284-D008D204B188}.Release|Any CPU.Deploy.0 = Release|Any CPU
		{FAB4CA02-0B3D-4F15-8284-D008D204B188}.Release|x64.ActiveCfg = Release|Any CPU
		{FAB4CA02-0B3D-4F15-8284-D008D204B188}.Release|x64.Build.0 = Release|Any CPU
		{FAB4CA02-0B3D-4F15-8284-D008D204B188}.Release|x86.ActiveCfg = Release|Any CPU
		{FAB4CA02-0B3D-4F15-8284-D008D204B188}.Release|x86.Build.0 = Release|Any CPU
		{0719C715-AF54-41AF-B9B1-03A145170CC7}.Debug|Any CPU.ActiveCfg = Debug|Any CPU
		{0719C715-AF54-41AF-B9B1-03A145170CC7}.Debug|Any CPU.Build.0 = Debug|Any CPU
		{0719C715-AF54-41AF-B9B1-03A145170CC7}.Debug|x64.ActiveCfg = Debug|Any CPU
		{0719C715-AF54-41AF-B9B1-03A145170CC7}.Debug|x64.Build.0 = Debug|Any CPU
		{0719C715-AF54-41AF-B9B1-03A145170CC7}.Debug|x86.ActiveCfg = Debug|Any CPU
		{0719C715-AF54-41AF-B9B1-03A145170CC7}.Debug|x86.Build.0 = Debug|Any CPU
		{0719C715-AF54-41AF-B9B1-03A145170CC7}.Release|Any CPU.ActiveCfg = Release|Any CPU
		{0719C715-AF54-41AF-B9B1-03A145170CC7}.Release|Any CPU.Build.0 = Release|Any CPU
		{0719C715-AF54-41AF-B9B1-03A145170CC7}.Release|x64.ActiveCfg = Release|Any CPU
		{0719C715-AF54-41AF-B9B1-03A145170CC7}.Release|x64.Build.0 = Release|Any CPU
		{0719C715-AF54-41AF-B9B1-03A145170CC7}.Release|x86.ActiveCfg = Release|Any CPU
		{0719C715-AF54-41AF-B9B1-03A145170CC7}.Release|x86.Build.0 = Release|Any CPU
	EndGlobalSection
	GlobalSection(SolutionProperties) = preSolution
		HideSolutionNode = FALSE
	EndGlobalSection
	GlobalSection(ExtensibilityGlobals) = postSolution
		SolutionGuid = {5184EACB-D5C0-42A8-B9D5-702C870A3EAC}
	EndGlobalSection
EndGlobal
